
Microsoft Visual Studio Solution File, Format Version 12.00
# Visual Studio Version 17
VisualStudioVersion = 17.0.31903.59
MinimumVisualStudioVersion = 10.0.40219.1
Project("{FAE04EC0-301F-11D3-BF4B-00C04F79EFBC}") = "PokemonRedRL.Agent", "PokemonRedRL.Agent\PokemonRedRL.Agent.csproj", "{BB582389-7BB6-407A-93D0-69CEFC3BC890}"
EndProject
Project("{FAE04EC0-301F-11D3-BF4B-00C04F79EFBC}") = "PokemonRedRL.Core", "PokemonRedRL.Core\PokemonRedRL.Core.csproj", "{B7081878-B406-4E9C-9A04-B287BEE0EA50}"
EndProject
Project("{FAE04EC0-301F-11D3-BF4B-00C04F79EFBC}") = "PokemonRedRL.Models", "PokemonRedRL.Models\PokemonRedRL.Models.csproj", "{AFDC1DA0-4DC2-48FB-841D-746E31F95577}"
EndProject
Project("{FAE04EC0-301F-11D3-BF4B-00C04F79EFBC}") = "PokemonRedRL.Utils", "PokemonRedRL.Utils\PokemonRedRL.Utils.csproj", "{7EFCA6C8-6D21-B834-A3A5-CBE65EB8D576}"
EndProject
Project("{FAE04EC0-301F-11D3-BF4B-00C04F79EFBC}") = "PokemonRedRL.DAL", "PokemonRedRL.DAL\PokemonRedRL.DAL.csproj", "{93160553-E588-493A-945D-65D3142AD479}"
EndProject
Global
	GlobalSection(SolutionConfigurationPlatforms) = preSolution
		Debug|Any CPU = Debug|Any CPU
		Debug|x64 = Debug|x64
		Debug|x86 = Debug|x86
		Release|Any CPU = Release|Any CPU
		Release|x64 = Release|x64
		Release|x86 = Release|x86
	EndGlobalSection
	GlobalSection(ProjectConfigurationPlatforms) = postSolution
		{BB582389-7BB6-407A-93D0-69CEFC3BC890}.Debug|Any CPU.ActiveCfg = Debug|Any CPU
		{BB582389-7BB6-407A-93D0-69CEFC3BC890}.Debug|Any CPU.Build.0 = Debug|Any CPU
		{BB582389-7BB6-407A-93D0-69CEFC3BC890}.Debug|x64.ActiveCfg = Debug|Any CPU
		{BB582389-7BB6-407A-93D0-69CEFC3BC890}.Debug|x64.Build.0 = Debug|Any CPU
		{BB582389-7BB6-407A-93D0-69CEFC3BC890}.Debug|x86.ActiveCfg = Debug|Any CPU
		{BB582389-7BB6-407A-93D0-69CEFC3BC890}.Debug|x86.Build.0 = Debug|Any CPU
		{BB582389-7BB6-407A-93D0-69CEFC3BC890}.Release|Any CPU.ActiveCfg = Release|Any CPU
		{BB582389-7BB6-407A-93D0-69CEFC3BC890}.Release|Any CPU.Build.0 = Release|Any CPU
		{BB582389-7BB6-407A-93D0-69CEFC3BC890}.Release|x64.ActiveCfg = Release|Any CPU
		{BB582389-7BB6-407A-93D0-69CEFC3BC890}.Release|x64.Build.0 = Release|Any CPU
		{BB582389-7BB6-407A-93D0-69CEFC3BC890}.Release|x86.ActiveCfg = Release|Any CPU
		{BB582389-7BB6-407A-93D0-69CEFC3BC890}.Release|x86.Build.0 = Release|Any CPU
		{B7081878-B406-4E9C-9A04-B287BEE0EA50}.Debug|Any CPU.ActiveCfg = Debug|Any CPU
		{B7081878-B406-4E9C-9A04-B287BEE0EA50}.Debug|Any CPU.Build.0 = Debug|Any CPU
		{B7081878-B406-4E9C-9A04-B287BEE0EA50}.Debug|x64.ActiveCfg = Debug|Any CPU
		{B7081878-B406-4E9C-9A04-B287BEE0EA50}.Debug|x64.Build.0 = Debug|Any CPU
		{B7081878-B406-4E9C-9A04-B287BEE0EA50}.Debug|x86.ActiveCfg = Debug|Any CPU
		{B7081878-B406-4E9C-9A04-B287BEE0EA50}.Debug|x86.Build.0 = Debug|Any CPU
		{B7081878-B406-4E9C-9A04-B287BEE0EA50}.Release|Any CPU.ActiveCfg = Release|Any CPU
		{B7081878-B406-4E9C-9A04-B287BEE0EA50}.Release|Any CPU.Build.0 = Release|Any CPU
		{B7081878-B406-4E9C-9A04-B287BEE0EA50}.Release|x64.ActiveCfg = Release|Any CPU
		{B7081878-B406-4E9C-9A04-B287BEE0EA50}.Release|x64.Build.0 = Release|Any CPU
		{B7081878-B406-4E9C-9A04-B287BEE0EA50}.Release|x86.ActiveCfg = Release|Any CPU
		{B7081878-B406-4E9C-9A04-B287BEE0EA50}.Release|x86.Build.0 = Release|Any CPU
		{AFDC1DA0-4DC2-48FB-841D-746E31F95577}.Debug|Any CPU.ActiveCfg = Debug|Any CPU
		{AFDC1DA0-4DC2-48FB-841D-746E31F95577}.Debug|Any CPU.Build.0 = Debug|Any CPU
		{AFDC1DA0-4DC2-48FB-841D-746E31F95577}.Debug|x64.ActiveCfg = Debug|Any CPU
		{AFDC1DA0-4DC2-48FB-841D-746E31F95577}.Debug|x64.Build.0 = Debug|Any CPU
		{AFDC1DA0-4DC2-48FB-841D-746E31F95577}.Debug|x86.ActiveCfg = Debug|Any CPU
		{AFDC1DA0-4DC2-48FB-841D-746E31F95577}.Debug|x86.Build.0 = Debug|Any CPU
		{AFDC1DA0-4DC2-48FB-841D-746E31F95577}.Release|Any CPU.ActiveCfg = Release|Any CPU
		{AFDC1DA0-4DC2-48FB-841D-746E31F95577}.Release|Any CPU.Build.0 = Release|Any CPU
		{AFDC1DA0-4DC2-48FB-841D-746E31F95577}.Release|x64.ActiveCfg = Release|Any CPU
		{AFDC1DA0-4DC2-48FB-841D-746E31F95577}.Release|x64.Build.0 = Release|Any CPU
		{AFDC1DA0-4DC2-48FB-841D-746E31F95577}.Release|x86.ActiveCfg = Release|Any CPU
		{AFDC1DA0-4DC2-48FB-841D-746E31F95577}.Release|x86.Build.0 = Release|Any CPU
		{7EFCA6C8-6D21-B834-A3A5-CBE65EB8D576}.Debug|Any CPU.ActiveCfg = Debug|Any CPU
		{7EFCA6C8-6D21-B834-A3A5-CBE65EB8D576}.Debug|Any CPU.Build.0 = Debug|Any CPU
		{7EFCA6C8-6D21-B834-A3A5-CBE65EB8D576}.Debug|x64.ActiveCfg = Debug|Any CPU
		{7EFCA6C8-6D21-B834-A3A5-CBE65EB8D576}.Debug|x64.Build.0 = Debug|Any CPU
		{7EFCA6C8-6D21-B834-A3A5-CBE65EB8D576}.Debug|x86.ActiveCfg = Debug|Any CPU
		{7EFCA6C8-6D21-B834-A3A5-CBE65EB8D576}.Debug|x86.Build.0 = Debug|Any CPU
		{7EFCA6C8-6D21-B834-A3A5-CBE65EB8D576}.Release|Any CPU.ActiveCfg = Release|Any CPU
		{7EFCA6C8-6D21-B834-A3A5-CBE65EB8D576}.Release|Any CPU.Build.0 = Release|Any CPU
		{7EFCA6C8-6D21-B834-A3A5-CBE65EB8D576}.Release|x64.ActiveCfg = Release|Any CPU
		{7EFCA6C8-6D21-B834-A3A5-CBE65EB8D576}.Release|x64.Build.0 = Release|Any CPU
		{7EFCA6C8-6D21-B834-A3A5-CBE65EB8D576}.Release|x86.ActiveCfg = Release|Any CPU
		{7EFCA6C8-6D21-B834-A3A5-CBE65EB8D576}.Release|x86.Build.0 = Release|Any CPU
		{93160553-E588-493A-945D-65D3142AD479}.Debug|Any CPU.ActiveCfg = Debug|Any CPU
		{93160553-E588-493A-945D-65D3142AD479}.Debug|Any CPU.Build.0 = Debug|Any CPU
		{93160553-E588-493A-945D-65D3142AD479}.Debug|x64.ActiveCfg = Debug|Any CPU
		{93160553-E588-493A-945D-65D3142AD479}.Debug|x64.Build.0 = Debug|Any CPU
		{93160553-E588-493A-945D-65D3142AD479}.Debug|x86.ActiveCfg = Debug|Any CPU
		{93160553-E588-493A-945D-65D3142AD479}.Debug|x86.Build.0 = Debug|Any CPU
		{93160553-E588-493A-945D-65D3142AD479}.Release|Any CPU.ActiveCfg = Release|Any CPU
		{93160553-E588-493A-945D-65D3142AD479}.Release|Any CPU.Build.0 = Release|Any CPU
		{93160553-E588-493A-945D-65D3142AD479}.Release|x64.ActiveCfg = Release|Any CPU
		{93160553-E588-493A-945D-65D3142AD479}.Release|x64.Build.0 = Release|Any CPU
		{93160553-E588-493A-945D-65D3142AD479}.Release|x86.ActiveCfg = Release|Any CPU
		{93160553-E588-493A-945D-65D3142AD479}.Release|x86.Build.0 = Release|Any CPU
	EndGlobalSection
	GlobalSection(SolutionProperties) = preSolution
		HideSolutionNode = FALSE
	EndGlobalSection
	GlobalSection(ExtensibilityGlobals) = postSolution
		SolutionGuid = {3C193554-B961-437B-847A-9972B7E2AADA}
	EndGlobalSection
EndGlobal
